// !$*UTF8*$!
{
	archiveVersion = 1;
	classes = {
	};
	objectVersion = 46;
	objects = {

/* Begin PBXBuildFile section */
		5264AB131B257C9E00E55EE1 /* JASidePanelController.m in Sources */ = {isa = PBXBuildFile; fileRef = 5264AB101B257C9E00E55EE1 /* JASidePanelController.m */; };
		5264AB1C1B257F9100E55EE1 /* JALeftViewController.swift in Sources */ = {isa = PBXBuildFile; fileRef = 5264AB1B1B257F9100E55EE1 /* JALeftViewController.swift */; };
		5264AB1E1B257FAC00E55EE1 /* JARightViewController.swift in Sources */ = {isa = PBXBuildFile; fileRef = 5264AB1D1B257FAC00E55EE1 /* JARightViewController.swift */; };
		5264AB201B257FC000E55EE1 /* JACenterViewController.swift in Sources */ = {isa = PBXBuildFile; fileRef = 5264AB1F1B257FC000E55EE1 /* JACenterViewController.swift */; };
		526E3C461B31575000169782 /* JACenterTableViewCell.swift in Sources */ = {isa = PBXBuildFile; fileRef = 526E3C451B31575000169782 /* JACenterTableViewCell.swift */; };
		52D141721B20368800D042B4 /* AppDelegate.swift in Sources */ = {isa = PBXBuildFile; fileRef = 52D141711B20368800D042B4 /* AppDelegate.swift */; };
		52D141741B20368800D042B4 /* ViewController.swift in Sources */ = {isa = PBXBuildFile; fileRef = 52D141731B20368800D042B4 /* ViewController.swift */; };
		52D141771B20368800D042B4 /* Main.storyboard in Resources */ = {isa = PBXBuildFile; fileRef = 52D141751B20368800D042B4 /* Main.storyboard */; };
		52D141791B20368800D042B4 /* Images.xcassets in Resources */ = {isa = PBXBuildFile; fileRef = 52D141781B20368800D042B4 /* Images.xcassets */; };
		52D1417C1B20368800D042B4 /* LaunchScreen.xib in Resources */ = {isa = PBXBuildFile; fileRef = 52D1417A1B20368800D042B4 /* LaunchScreen.xib */; };
		52D141881B20368900D042B4 /* TownTests.swift in Sources */ = {isa = PBXBuildFile; fileRef = 52D141871B20368900D042B4 /* TownTests.swift */; };
/* End PBXBuildFile section */

/* Begin PBXContainerItemProxy section */
		52D141821B20368900D042B4 /* PBXContainerItemProxy */ = {
			isa = PBXContainerItemProxy;
			containerPortal = 52D141641B20368800D042B4 /* Project object */;
			proxyType = 1;
			remoteGlobalIDString = 52D1416B1B20368800D042B4;
			remoteInfo = Town;
		};
/* End PBXContainerItemProxy section */

/* Begin PBXFileReference section */
		5264AB0A1B25762B00E55EE1 /* OCHeader.h */ = {isa = PBXFileReference; fileEncoding = 4; lastKnownFileType = sourcecode.c.h; path = OCHeader.h; sourceTree = "<group>"; };
		5264AB0F1B257C9E00E55EE1 /* JASidePanelController.h */ = {isa = PBXFileReference; fileEncoding = 4; lastKnownFileType = sourcecode.c.h; path = JASidePanelController.h; sourceTree = "<group>"; };
		5264AB101B257C9E00E55EE1 /* JASidePanelController.m */ = {isa = PBXFileReference; fileEncoding = 4; lastKnownFileType = sourcecode.c.objc; path = JASidePanelController.m; sourceTree = "<group>"; };
		5264AB1B1B257F9100E55EE1 /* JALeftViewController.swift */ = {isa = PBXFileReference; fileEncoding = 4; lastKnownFileType = sourcecode.swift; path = JALeftViewController.swift; sourceTree = "<group>"; };
		5264AB1D1B257FAC00E55EE1 /* JARightViewController.swift */ = {isa = PBXFileReference; fileEncoding = 4; lastKnownFileType = sourcecode.swift; path = JARightViewController.swift; sourceTree = "<group>"; };
		5264AB1F1B257FC000E55EE1 /* JACenterViewController.swift */ = {isa = PBXFileReference; fileEncoding = 4; lastKnownFileType = sourcecode.swift; path = JACenterViewController.swift; sourceTree = "<group>"; };
		526E3C451B31575000169782 /* JACenterTableViewCell.swift */ = {isa = PBXFileReference; fileEncoding = 4; lastKnownFileType = sourcecode.swift; path = JACenterTableViewCell.swift; sourceTree = "<group>"; };
		52D1416C1B20368800D042B4 /* Town.app */ = {isa = PBXFileReference; explicitFileType = wrapper.application; includeInIndex = 0; path = Town.app; sourceTree = BUILT_PRODUCTS_DIR; };
		52D141701B20368800D042B4 /* Info.plist */ = {isa = PBXFileReference; lastKnownFileType = text.plist.xml; path = Info.plist; sourceTree = "<group>"; };
		52D141711B20368800D042B4 /* AppDelegate.swift */ = {isa = PBXFileReference; lastKnownFileType = sourcecode.swift; path = AppDelegate.swift; sourceTree = "<group>"; };
		52D141731B20368800D042B4 /* ViewController.swift */ = {isa = PBXFileReference; lastKnownFileType = sourcecode.swift; path = ViewController.swift; sourceTree = "<group>"; };
		52D141761B20368800D042B4 /* Base */ = {isa = PBXFileReference; lastKnownFileType = file.storyboard; name = Base; path = Base.lproj/Main.storyboard; sourceTree = "<group>"; };
		52D141781B20368800D042B4 /* Images.xcassets */ = {isa = PBXFileReference; lastKnownFileType = folder.assetcatalog; path = Images.xcassets; sourceTree = "<group>"; };
		52D1417B1B20368800D042B4 /* Base */ = {isa = PBXFileReference; lastKnownFileType = file.xib; name = Base; path = Base.lproj/LaunchScreen.xib; sourceTree = "<group>"; };
		52D141811B20368900D042B4 /* TownTests.xctest */ = {isa = PBXFileReference; explicitFileType = wrapper.cfbundle; includeInIndex = 0; path = TownTests.xctest; sourceTree = BUILT_PRODUCTS_DIR; };
		52D141861B20368900D042B4 /* Info.plist */ = {isa = PBXFileReference; lastKnownFileType = text.plist.xml; path = Info.plist; sourceTree = "<group>"; };
		52D141871B20368900D042B4 /* TownTests.swift */ = {isa = PBXFileReference; lastKnownFileType = sourcecode.swift; path = TownTests.swift; sourceTree = "<group>"; };
/* End PBXFileReference section */

/* Begin PBXFrameworksBuildPhase section */
		52D141691B20368800D042B4 /* Frameworks */ = {
			isa = PBXFrameworksBuildPhase;
			buildActionMask = 2147483647;
			files = (
			);
			runOnlyForDeploymentPostprocessing = 0;
		};
		52D1417E1B20368900D042B4 /* Frameworks */ = {
			isa = PBXFrameworksBuildPhase;
			buildActionMask = 2147483647;
			files = (
			);
			runOnlyForDeploymentPostprocessing = 0;
		};
/* End PBXFrameworksBuildPhase section */

/* Begin PBXGroup section */
		5264AB0E1B257C9E00E55EE1 /* JASidePanels */ = {
			isa = PBXGroup;
			children = (
				5264AB0F1B257C9E00E55EE1 /* JASidePanelController.h */,
				5264AB101B257C9E00E55EE1 /* JASidePanelController.m */,
			);
			path = JASidePanels;
			sourceTree = "<group>";
		};
		52D141631B20368800D042B4 = {
			isa = PBXGroup;
			children = (
				52D1416E1B20368800D042B4 /* Town */,
				52D141841B20368900D042B4 /* TownTests */,
				52D1416D1B20368800D042B4 /* Products */,
			);
			sourceTree = "<group>";
		};
		52D1416D1B20368800D042B4 /* Products */ = {
			isa = PBXGroup;
			children = (
				52D1416C1B20368800D042B4 /* Town.app */,
				52D141811B20368900D042B4 /* TownTests.xctest */,
			);
			name = Products;
			sourceTree = "<group>";
		};
		52D1416E1B20368800D042B4 /* Town */ = {
			isa = PBXGroup;
			children = (
				5264AB0E1B257C9E00E55EE1 /* JASidePanels */,
				5264AB0A1B25762B00E55EE1 /* OCHeader.h */,
				52D141711B20368800D042B4 /* AppDelegate.swift */,
				52D141731B20368800D042B4 /* ViewController.swift */,
				5264AB1B1B257F9100E55EE1 /* JALeftViewController.swift */,
				5264AB1D1B257FAC00E55EE1 /* JARightViewController.swift */,
				5264AB1F1B257FC000E55EE1 /* JACenterViewController.swift */,
				526E3C451B31575000169782 /* JACenterTableViewCell.swift */,
				52D141751B20368800D042B4 /* Main.storyboard */,
				52D141781B20368800D042B4 /* Images.xcassets */,
				52D1417A1B20368800D042B4 /* LaunchScreen.xib */,
				52D1416F1B20368800D042B4 /* Supporting Files */,
			);
			path = Town;
			sourceTree = "<group>";
		};
		52D1416F1B20368800D042B4 /* Supporting Files */ = {
			isa = PBXGroup;
			children = (
				52D141701B20368800D042B4 /* Info.plist */,
			);
			name = "Supporting Files";
			sourceTree = "<group>";
		};
		52D141841B20368900D042B4 /* TownTests */ = {
			isa = PBXGroup;
			children = (
				52D141871B20368900D042B4 /* TownTests.swift */,
				52D141851B20368900D042B4 /* Supporting Files */,
			);
			path = TownTests;
			sourceTree = "<group>";
		};
		52D141851B20368900D042B4 /* Supporting Files */ = {
			isa = PBXGroup;
			children = (
				52D141861B20368900D042B4 /* Info.plist */,
			);
			name = "Supporting Files";
			sourceTree = "<group>";
		};
/* End PBXGroup section */

/* Begin PBXNativeTarget section */
		52D1416B1B20368800D042B4 /* Town */ = {
			isa = PBXNativeTarget;
			buildConfigurationList = 52D1418B1B20368900D042B4 /* Build configuration list for PBXNativeTarget "Town" */;
			buildPhases = (
				52D141681B20368800D042B4 /* Sources */,
				52D141691B20368800D042B4 /* Frameworks */,
				52D1416A1B20368800D042B4 /* Resources */,
			);
			buildRules = (
			);
			dependencies = (
			);
			name = Town;
			productName = Town;
			productReference = 52D1416C1B20368800D042B4 /* Town.app */;
			productType = "com.apple.product-type.application";
		};
		52D141801B20368900D042B4 /* TownTests */ = {
			isa = PBXNativeTarget;
			buildConfigurationList = 52D1418E1B20368900D042B4 /* Build configuration list for PBXNativeTarget "TownTests" */;
			buildPhases = (
				52D1417D1B20368900D042B4 /* Sources */,
				52D1417E1B20368900D042B4 /* Frameworks */,
				52D1417F1B20368900D042B4 /* Resources */,
			);
			buildRules = (
			);
			dependencies = (
				52D141831B20368900D042B4 /* PBXTargetDependency */,
			);
			name = TownTests;
			productName = TownTests;
			productReference = 52D141811B20368900D042B4 /* TownTests.xctest */;
			productType = "com.apple.product-type.bundle.unit-test";
		};
/* End PBXNativeTarget section */

/* Begin PBXProject section */
		52D141641B20368800D042B4 /* Project object */ = {
			isa = PBXProject;
			attributes = {
				LastUpgradeCheck = 0610;
				ORGANIZATIONNAME = whj;
				TargetAttributes = {
					52D1416B1B20368800D042B4 = {
						CreatedOnToolsVersion = 6.1.1;
					};
					52D141801B20368900D042B4 = {
						CreatedOnToolsVersion = 6.1.1;
						TestTargetID = 52D1416B1B20368800D042B4;
					};
				};
			};
			buildConfigurationList = 52D141671B20368800D042B4 /* Build configuration list for PBXProject "Town" */;
			compatibilityVersion = "Xcode 3.2";
			developmentRegion = English;
			hasScannedForEncodings = 0;
			knownRegions = (
				en,
				Base,
			);
			mainGroup = 52D141631B20368800D042B4;
			productRefGroup = 52D1416D1B20368800D042B4 /* Products */;
			projectDirPath = "";
			projectRoot = "";
			targets = (
				52D1416B1B20368800D042B4 /* Town */,
				52D141801B20368900D042B4 /* TownTests */,
			);
		};
/* End PBXProject section */

/* Begin PBXResourcesBuildPhase section */
		52D1416A1B20368800D042B4 /* Resources */ = {
			isa = PBXResourcesBuildPhase;
			buildActionMask = 2147483647;
			files = (
				52D141771B20368800D042B4 /* Main.storyboard in Resources */,
				52D1417C1B20368800D042B4 /* LaunchScreen.xib in Resources */,
				52D141791B20368800D042B4 /* Images.xcassets in Resources */,
			);
			runOnlyForDeploymentPostprocessing = 0;
		};
		52D1417F1B20368900D042B4 /* Resources */ = {
			isa = PBXResourcesBuildPhase;
			buildActionMask = 2147483647;
			files = (
			);
			runOnlyForDeploymentPostprocessing = 0;
		};
/* End PBXResourcesBuildPhase section */

/* Begin PBXSourcesBuildPhase section */
		52D141681B20368800D042B4 /* Sources */ = {
			isa = PBXSourcesBuildPhase;
			buildActionMask = 2147483647;
			files = (
				52D141741B20368800D042B4 /* ViewController.swift in Sources */,
				5264AB201B257FC000E55EE1 /* JACenterViewController.swift in Sources */,
				5264AB1C1B257F9100E55EE1 /* JALeftViewController.swift in Sources */,
				52D141721B20368800D042B4 /* AppDelegate.swift in Sources */,
				5264AB131B257C9E00E55EE1 /* JASidePanelController.m in Sources */,
				526E3C461B31575000169782 /* JACenterTableViewCell.swift in Sources */,
				5264AB1E1B257FAC00E55EE1 /* JARightViewController.swift in Sources */,
			);
			runOnlyForDeploymentPostprocessing = 0;
		};
		52D1417D1B20368900D042B4 /* Sources */ = {
			isa = PBXSourcesBuildPhase;
			buildActionMask = 2147483647;
			files = (
				52D141881B20368900D042B4 /* TownTests.swift in Sources */,
			);
			runOnlyForDeploymentPostprocessing = 0;
		};
/* End PBXSourcesBuildPhase section */

/* Begin PBXTargetDependency section */
		52D141831B20368900D042B4 /* PBXTargetDependency */ = {
			isa = PBXTargetDependency;
			target = 52D1416B1B20368800D042B4 /* Town */;
			targetProxy = 52D141821B20368900D042B4 /* PBXContainerItemProxy */;
		};
/* End PBXTargetDependency section */

/* Begin PBXVariantGroup section */
		52D141751B20368800D042B4 /* Main.storyboard */ = {
			isa = PBXVariantGroup;
			children = (
				52D141761B20368800D042B4 /* Base */,
			);
			name = Main.storyboard;
			sourceTree = "<group>";
		};
		52D1417A1B20368800D042B4 /* LaunchScreen.xib */ = {
			isa = PBXVariantGroup;
			children = (
				52D1417B1B20368800D042B4 /* Base */,
			);
			name = LaunchScreen.xib;
			sourceTree = "<group>";
		};
/* End PBXVariantGroup section */

/* Begin XCBuildConfiguration section */
		52D141891B20368900D042B4 /* Debug */ = {
			isa = XCBuildConfiguration;
			buildSettings = {
				ALWAYS_SEARCH_USER_PATHS = NO;
				CLANG_CXX_LANGUAGE_STANDARD = "gnu++0x";
				CLANG_CXX_LIBRARY = "libc++";
				CLANG_ENABLE_MODULES = YES;
				CLANG_ENABLE_OBJC_ARC = YES;
				CLANG_WARN_BOOL_CONVERSION = YES;
				CLANG_WARN_CONSTANT_CONVERSION = YES;
				CLANG_WARN_DIRECT_OBJC_ISA_USAGE = YES_ERROR;
				CLANG_WARN_EMPTY_BODY = YES;
				CLANG_WARN_ENUM_CONVERSION = YES;
				CLANG_WARN_INT_CONVERSION = YES;
				CLANG_WARN_OBJC_ROOT_CLASS = YES_ERROR;
				CLANG_WARN_UNREACHABLE_CODE = YES;
				CLANG_WARN__DUPLICATE_METHOD_MATCH = YES;
				"CODE_SIGN_IDENTITY[sdk=iphoneos*]" = "iPhone Developer";
				COPY_PHASE_STRIP = NO;
				ENABLE_STRICT_OBJC_MSGSEND = YES;
				GCC_C_LANGUAGE_STANDARD = gnu99;
				GCC_DYNAMIC_NO_PIC = NO;
				GCC_OPTIMIZATION_LEVEL = 0;
				GCC_PREPROCESSOR_DEFINITIONS = (
					"DEBUG=1",
					"$(inherited)",
				);
				GCC_SYMBOLS_PRIVATE_EXTERN = NO;
				GCC_WARN_64_TO_32_BIT_CONVERSION = YES;
				GCC_WARN_ABOUT_RETURN_TYPE = YES_ERROR;
				GCC_WARN_UNDECLARED_SELECTOR = YES;
				GCC_WARN_UNINITIALIZED_AUTOS = YES_AGGRESSIVE;
				GCC_WARN_UNUSED_FUNCTION = YES;
				GCC_WARN_UNUSED_VARIABLE = YES;
				IPHONEOS_DEPLOYMENT_TARGET = 8.1;
				MTL_ENABLE_DEBUG_INFO = YES;
				ONLY_ACTIVE_ARCH = YES;
				SDKROOT = iphoneos;
				SWIFT_OPTIMIZATION_LEVEL = "-Onone";
				TARGETED_DEVICE_FAMILY = "1,2";
			};
			name = Debug;
		};
		52D1418A1B20368900D042B4 /* Release */ = {
			isa = XCBuildConfiguration;
			buildSettings = {
				ALWAYS_SEARCH_USER_PATHS = NO;
				CLANG_CXX_LANGUAGE_STANDARD = "gnu++0x";
				CLANG_CXX_LIBRARY = "libc++";
				CLANG_ENABLE_MODULES = YES;
				CLANG_ENABLE_OBJC_ARC = YES;
				CLANG_WARN_BOOL_CONVERSION = YES;
				CLANG_WARN_CONSTANT_CONVERSION = YES;
				CLANG_WARN_DIRECT_OBJC_ISA_USAGE = YES_ERROR;
				CLANG_WARN_EMPTY_BODY = YES;
				CLANG_WARN_ENUM_CONVERSION = YES;
				CLANG_WARN_INT_CONVERSION = YES;
				CLANG_WARN_OBJC_ROOT_CLASS = YES_ERROR;
				CLANG_WARN_UNREACHABLE_CODE = YES;
				CLANG_WARN__DUPLICATE_METHOD_MATCH = YES;
				"CODE_SIGN_IDENTITY[sdk=iphoneos*]" = "iPhone Developer";
				COPY_PHASE_STRIP = YES;
				ENABLE_NS_ASSERTIONS = NO;
				ENABLE_STRICT_OBJC_MSGSEND = YES;
				GCC_C_LANGUAGE_STANDARD = gnu99;
				GCC_WARN_64_TO_32_BIT_CONVERSION = YES;
				GCC_WARN_ABOUT_RETURN_TYPE = YES_ERROR;
				GCC_WARN_UNDECLARED_SELECTOR = YES;
				GCC_WARN_UNINITIALIZED_AUTOS = YES_AGGRESSIVE;
				GCC_WARN_UNUSED_FUNCTION = YES;
				GCC_WARN_UNUSED_VARIABLE = YES;
				IPHONEOS_DEPLOYMENT_TARGET = 8.1;
				MTL_ENABLE_DEBUG_INFO = NO;
				SDKROOT = iphoneos;
				TARGETED_DEVICE_FAMILY = "1,2";
				VALIDATE_PRODUCT = YES;
			};
			name = Release;
		};
		52D1418C1B20368900D042B4 /* Debug */ = {
			isa = XCBuildConfiguration;
			buildSettings = {
				ASSETCATALOG_COMPILER_APPICON_NAME = AppIcon;
				INFOPLIST_FILE = Town/Info.plist;
				LD_RUNPATH_SEARCH_PATHS = "$(inherited) @executable_path/Frameworks";
				PRODUCT_NAME = "$(TARGET_NAME)";
				SWIFT_OBJC_BRIDGING_HEADER = Town/OCHeader.h;
				TARGETED_DEVICE_FAMILY = 1;
			};
			name = Debug;
		};
		52D1418D1B20368900D042B4 /* Release */ = {
			isa = XCBuildConfiguration;
			buildSettings = {
				ASSETCATALOG_COMPILER_APPICON_NAME = AppIcon;
				INFOPLIST_FILE = Town/Info.plist;
				LD_RUNPATH_SEARCH_PATHS = "$(inherited) @executable_path/Frameworks";
				PRODUCT_NAME = "$(TARGET_NAME)";
				SWIFT_OBJC_BRIDGING_HEADER = Town/OCHeader.h;
				TARGETED_DEVICE_FAMILY = 1;
			};
			name = Release;
		};
		52D1418F1B20368900D042B4 /* Debug */ = {
			isa = XCBuildConfiguration;
			buildSettings = {
				BUNDLE_LOADER = "$(TEST_HOST)";
				FRAMEWORK_SEARCH_PATHS = (
					"$(SDKROOT)/Developer/Library/Frameworks",
					"$(inherited)",
				);
				GCC_PREPROCESSOR_DEFINITIONS = (
					"DEBUG=1",
					"$(inherited)",
				);
				INFOPLIST_FILE = TownTests/Info.plist;
				LD_RUNPATH_SEARCH_PATHS = "$(inherited) @executable_path/Frameworks @loader_path/Frameworks";
				PRODUCT_NAME = "$(TARGET_NAME)";
				TEST_HOST = "$(BUILT_PRODUCTS_DIR)/Town.app/Town";
			};
			name = Debug;
		};
		52D141901B20368900D042B4 /* Release */ = {
			isa = XCBuildConfiguration;
			buildSettings = {
				BUNDLE_LOADER = "$(TEST_HOST)";
				FRAMEWORK_SEARCH_PATHS = (
					"$(SDKROOT)/Developer/Library/Frameworks",
					"$(inherited)",
				);
				INFOPLIST_FILE = TownTests/Info.plist;
				LD_RUNPATH_SEARCH_PATHS = "$(inherited) @executable_path/Frameworks @loader_path/Frameworks";
				PRODUCT_NAME = "$(TARGET_NAME)";
				TEST_HOST = "$(BUILT_PRODUCTS_DIR)/Town.app/Town";
			};
			name = Release;
		};
/* End XCBuildConfiguration section */

/* Begin XCConfigurationList section */
		52D141671B20368800D042B4 /* Build configuration list for PBXProject "Town" */ = {
			isa = XCConfigurationList;
			buildConfigurations = (
				52D141891B20368900D042B4 /* Debug */,
				52D1418A1B20368900D042B4 /* Release */,
			);
			defaultConfigurationIsVisible = 0;
			defaultConfigurationName = Release;
		};
		52D1418B1B20368900D042B4 /* Build configuration list for PBXNativeTarget "Town" */ = {
			isa = XCConfigurationList;
			buildConfigurations = (
				52D1418C1B20368900D042B4 /* Debug */,
				52D1418D1B20368900D042B4 /* Release */,
			);
			defaultConfigurationIsVisible = 0;
			defaultConfigurationName = Release;
		};
		52D1418E1B20368900D042B4 /* Build configuration list for PBXNativeTarget "TownTests" */ = {
			isa = XCConfigurationList;
			buildConfigurations = (
				52D1418F1B20368900D042B4 /* Debug */,
				52D141901B20368900D042B4 /* Release */,
			);
			defaultConfigurationIsVisible = 0;
			defaultConfigurationName = Release;
		};
/* End XCConfigurationList section */
	};
	rootObject = 52D141641B20368800D042B4 /* Project object */;
}
